
Microsoft Visual Studio Solution File, Format Version 12.00
# Visual Studio Version 16
VisualStudioVersion = 16.0.32126.315
MinimumVisualStudioVersion = 10.0.40219.1
Project("{FAE04EC0-301F-11D3-BF4B-00C04F79EFBC}") = "Test", "Test\Test.csproj", "{41A497F2-4B00-42A5-A66A-8FDE1C9D5459}"
EndProject
Global
	GlobalSection(SolutionConfigurationPlatforms) = preSolution
		Debug|Any CPU = Debug|Any CPU
		Release|Any CPU = Release|Any CPU
	EndGlobalSection
	GlobalSection(ProjectConfigurationPlatforms) = postSolution
		{41A497F2-4B00-42A5-A66A-8FDE1C9D5459}.Debug|Any CPU.ActiveCfg = Debug|Any CPU
		{41A497F2-4B00-42A5-A66A-8FDE1C9D5459}.Debug|Any CPU.Build.0 = Debug|Any CPU
		{41A497F2-4B00-42A5-A66A-8FDE1C9D5459}.Release|Any CPU.ActiveCfg = Release|Any CPU
		{41A497F2-4B00-42A5-A66A-8FDE1C9D5459}.Release|Any CPU.Build.0 = Release|Any CPU
	EndGlobalSection
	GlobalSection(SolutionProperties) = preSolution
		HideSolutionNode = FALSE
	EndGlobalSection
	GlobalSection(ExtensibilityGlobals) = postSolution
		SolutionGuid = {96E8D130-7E66-4346-9F50-67106790C7D5}
	EndGlobalSection
EndGlobal
